
Microsoft Visual Studio Solution File, Format Version 12.00
# Visual Studio Version 17
VisualStudioVersion = 17.5.33516.290
MinimumVisualStudioVersion = 10.0.40219.1
Project("{FAE04EC0-301F-11D3-BF4B-00C04F79EFBC}") = "HASTANE_PROJE", "HASTANE_PROJE\HASTANE_PROJE.csproj", "{51D72806-D806-4F9B-B3AC-4BA2912326D9}"
EndProject
Global
	GlobalSection(SolutionConfigurationPlatforms) = preSolution
		Debug|Any CPU = Debug|Any CPU
		Release|Any CPU = Release|Any CPU
	EndGlobalSection
	GlobalSection(ProjectConfigurationPlatforms) = postSolution
		{51D72806-D806-4F9B-B3AC-4BA2912326D9}.Debug|Any CPU.ActiveCfg = Debug|Any CPU
		{51D72806-D806-4F9B-B3AC-4BA2912326D9}.Debug|Any CPU.Build.0 = Debug|Any CPU
		{51D72806-D806-4F9B-B3AC-4BA2912326D9}.Release|Any CPU.ActiveCfg = Release|Any CPU
		{51D72806-D806-4F9B-B3AC-4BA2912326D9}.Release|Any CPU.Build.0 = Release|Any CPU
	EndGlobalSection
	GlobalSection(SolutionProperties) = preSolution
		HideSolutionNode = FALSE
	EndGlobalSection
	GlobalSection(ExtensibilityGlobals) = postSolution
		SolutionGuid = {2A900899-934B-44B8-9DF7-40F7FB15FF70}
	EndGlobalSection
EndGlobal
